
Microsoft Visual Studio Solution File, Format Version 12.00
# Visual Studio 15
VisualStudioVersion = 15.0.27130.2027
MinimumVisualStudioVersion = 10.0.40219.1
Project("{FAE04EC0-301F-11D3-BF4B-00C04F79EFBC}") = "MpXamSolutionDemo.Android", "MpXamSolutionDemo\MpXamSolutionDemo.Android\MpXamSolutionDemo.Android.csproj", "{EF09ACB8-1FA5-40C7-8D20-CF59DF490FC1}"
EndProject
Project("{FAE04EC0-301F-11D3-BF4B-00C04F79EFBC}") = "MpXamSolutionDemo.iOS", "MpXamSolutionDemo\MpXamSolutionDemo.iOS\MpXamSolutionDemo.iOS.csproj", "{1F370B20-8DBA-4571-BEB3-E24D230BB652}"
EndProject
Project("{FAE04EC0-301F-11D3-BF4B-00C04F79EFBC}") = "MpXamSolutionDemo.UWP", "MpXamSolutionDemo\MpXamSolutionDemo.UWP\MpXamSolutionDemo.UWP.csproj", "{FF378966-5BDD-4022-B3BD-983C41C9435F}"
EndProject
Project("{FAE04EC0-301F-11D3-BF4B-00C04F79EFBC}") = "MpXamSolutionDemo", "MpXamSolutionDemo\MpXamSolutionDemo\MpXamSolutionDemo.csproj", "{7C335011-8D26-4726-B3CE-95068E672D18}"
EndProject
Project("{FAE04EC0-301F-11D3-BF4B-00C04F79EFBC}") = "MpXamSolution", "MpXamSolution\MpXamSolution.csproj", "{68A484D3-115A-4B1F-B2CA-29910D06CEE2}"
EndProject
Global
	GlobalSection(SolutionConfigurationPlatforms) = preSolution
		Ad-Hoc|Any CPU = Ad-Hoc|Any CPU
		Ad-Hoc|ARM = Ad-Hoc|ARM
		Ad-Hoc|iPhone = Ad-Hoc|iPhone
		Ad-Hoc|iPhoneSimulator = Ad-Hoc|iPhoneSimulator
		Ad-Hoc|x64 = Ad-Hoc|x64
		Ad-Hoc|x86 = Ad-Hoc|x86
		AppStore|Any CPU = AppStore|Any CPU
		AppStore|ARM = AppStore|ARM
		AppStore|iPhone = AppStore|iPhone
		AppStore|iPhoneSimulator = AppStore|iPhoneSimulator
		AppStore|x64 = AppStore|x64
		AppStore|x86 = AppStore|x86
		Debug|Any CPU = Debug|Any CPU
		Debug|ARM = Debug|ARM
		Debug|iPhone = Debug|iPhone
		Debug|iPhoneSimulator = Debug|iPhoneSimulator
		Debug|x64 = Debug|x64
		Debug|x86 = Debug|x86
		Release|Any CPU = Release|Any CPU
		Release|ARM = Release|ARM
		Release|iPhone = Release|iPhone
		Release|iPhoneSimulator = Release|iPhoneSimulator
		Release|x64 = Release|x64
		Release|x86 = Release|x86
	EndGlobalSection
	GlobalSection(ProjectConfigurationPlatforms) = postSolution
		{EF09ACB8-1FA5-40C7-8D20-CF59DF490FC1}.Ad-Hoc|Any CPU.ActiveCfg = Release|Any CPU
		{EF09ACB8-1FA5-40C7-8D20-CF59DF490FC1}.Ad-Hoc|Any CPU.Build.0 = Release|Any CPU
		{EF09ACB8-1FA5-40C7-8D20-CF59DF490FC1}.Ad-Hoc|Any CPU.Deploy.0 = Release|Any CPU
		{EF09ACB8-1FA5-40C7-8D20-CF59DF490FC1}.Ad-Hoc|ARM.ActiveCfg = Release|Any CPU
		{EF09ACB8-1FA5-40C7-8D20-CF59DF490FC1}.Ad-Hoc|ARM.Build.0 = Release|Any CPU
		{EF09ACB8-1FA5-40C7-8D20-CF59DF490FC1}.Ad-Hoc|ARM.Deploy.0 = Release|Any CPU
		{EF09ACB8-1FA5-40C7-8D20-CF59DF490FC1}.Ad-Hoc|iPhone.ActiveCfg = Release|Any CPU
		{EF09ACB8-1FA5-40C7-8D20-CF59DF490FC1}.Ad-Hoc|iPhone.Build.0 = Release|Any CPU
		{EF09ACB8-1FA5-40C7-8D20-CF59DF490FC1}.Ad-Hoc|iPhone.Deploy.0 = Release|Any CPU
		{EF09ACB8-1FA5-40C7-8D20-CF59DF490FC1}.Ad-Hoc|iPhoneSimulator.ActiveCfg = Release|Any CPU
		{EF09ACB8-1FA5-40C7-8D20-CF59DF490FC1}.Ad-Hoc|iPhoneSimulator.Build.0 = Release|Any CPU
		{EF09ACB8-1FA5-40C7-8D20-CF59DF490FC1}.Ad-Hoc|iPhoneSimulator.Deploy.0 = Release|Any CPU
		{EF09ACB8-1FA5-40C7-8D20-CF59DF490FC1}.Ad-Hoc|x64.ActiveCfg = Release|Any CPU
		{EF09ACB8-1FA5-40C7-8D20-CF59DF490FC1}.Ad-Hoc|x64.Build.0 = Release|Any CPU
		{EF09ACB8-1FA5-40C7-8D20-CF59DF490FC1}.Ad-Hoc|x64.Deploy.0 = Release|Any CPU
		{EF09ACB8-1FA5-40C7-8D20-CF59DF490FC1}.Ad-Hoc|x86.ActiveCfg = Release|Any CPU
		{EF09ACB8-1FA5-40C7-8D20-CF59DF490FC1}.Ad-Hoc|x86.Build.0 = Release|Any CPU
		{EF09ACB8-1FA5-40C7-8D20-CF59DF490FC1}.Ad-Hoc|x86.Deploy.0 = Release|Any CPU
		{EF09ACB8-1FA5-40C7-8D20-CF59DF490FC1}.AppStore|Any CPU.ActiveCfg = Release|Any CPU
		{EF09ACB8-1FA5-40C7-8D20-CF59DF490FC1}.AppStore|Any CPU.Build.0 = Release|Any CPU
		{EF09ACB8-1FA5-40C7-8D20-CF59DF490FC1}.AppStore|Any CPU.Deploy.0 = Release|Any CPU
		{EF09ACB8-1FA5-40C7-8D20-CF59DF490FC1}.AppStore|ARM.ActiveCfg = Release|Any CPU
		{EF09ACB8-1FA5-40C7-8D20-CF59DF490FC1}.AppStore|ARM.Build.0 = Release|Any CPU
		{EF09ACB8-1FA5-40C7-8D20-CF59DF490FC1}.AppStore|ARM.Deploy.0 = Release|Any CPU
		{EF09ACB8-1FA5-40C7-8D20-CF59DF490FC1}.AppStore|iPhone.ActiveCfg = Release|Any CPU
		{EF09ACB8-1FA5-40C7-8D20-CF59DF490FC1}.AppStore|iPhone.Build.0 = Release|Any CPU
		{EF09ACB8-1FA5-40C7-8D20-CF59DF490FC1}.AppStore|iPhone.Deploy.0 = Release|Any CPU
		{EF09ACB8-1FA5-40C7-8D20-CF59DF490FC1}.AppStore|iPhoneSimulator.ActiveCfg = Release|Any CPU
		{EF09ACB8-1FA5-40C7-8D20-CF59DF490FC1}.AppStore|iPhoneSimulator.Build.0 = Release|Any CPU
		{EF09ACB8-1FA5-40C7-8D20-CF59DF490FC1}.AppStore|iPhoneSimulator.Deploy.0 = Release|Any CPU
		{EF09ACB8-1FA5-40C7-8D20-CF59DF490FC1}.AppStore|x64.ActiveCfg = Release|Any CPU
		{EF09ACB8-1FA5-40C7-8D20-CF59DF490FC1}.AppStore|x64.Build.0 = Release|Any CPU
		{EF09ACB8-1FA5-40C7-8D20-CF59DF490FC1}.AppStore|x64.Deploy.0 = Release|Any CPU
		{EF09ACB8-1FA5-40C7-8D20-CF59DF490FC1}.AppStore|x86.ActiveCfg = Release|Any CPU
		{EF09ACB8-1FA5-40C7-8D20-CF59DF490FC1}.AppStore|x86.Build.0 = Release|Any CPU
		{EF09ACB8-1FA5-40C7-8D20-CF59DF490FC1}.AppStore|x86.Deploy.0 = Release|Any CPU
		{EF09ACB8-1FA5-40C7-8D20-CF59DF490FC1}.Debug|Any CPU.ActiveCfg = Debug|Any CPU
		{EF09ACB8-1FA5-40C7-8D20-CF59DF490FC1}.Debug|Any CPU.Build.0 = Debug|Any CPU
		{EF09ACB8-1FA5-40C7-8D20-CF59DF490FC1}.Debug|Any CPU.Deploy.0 = Debug|Any CPU
		{EF09ACB8-1FA5-40C7-8D20-CF59DF490FC1}.Debug|ARM.ActiveCfg = Debug|Any CPU
		{EF09ACB8-1FA5-40C7-8D20-CF59DF490FC1}.Debug|ARM.Build.0 = Debug|Any CPU
		{EF09ACB8-1FA5-40C7-8D20-CF59DF490FC1}.Debug|ARM.Deploy.0 = Debug|Any CPU
		{EF09ACB8-1FA5-40C7-8D20-CF59DF490FC1}.Debug|iPhone.ActiveCfg = Debug|Any CPU
		{EF09ACB8-1FA5-40C7-8D20-CF59DF490FC1}.Debug|iPhone.Build.0 = Debug|Any CPU
		{EF09ACB8-1FA5-40C7-8D20-CF59DF490FC1}.Debug|iPhone.Deploy.0 = Debug|Any CPU
		{EF09ACB8-1FA5-40C7-8D20-CF59DF490FC1}.Debug|iPhoneSimulator.ActiveCfg = Debug|Any CPU
		{EF09ACB8-1FA5-40C7-8D20-CF59DF490FC1}.Debug|iPhoneSimulator.Build.0 = Debug|Any CPU
		{EF09ACB8-1FA5-40C7-8D20-CF59DF490FC1}.Debug|iPhoneSimulator.Deploy.0 = Debug|Any CPU
		{EF09ACB8-1FA5-40C7-8D20-CF59DF490FC1}.Debug|x64.ActiveCfg = Debug|Any CPU
		{EF09ACB8-1FA5-40C7-8D20-CF59DF490FC1}.Debug|x64.Build.0 = Debug|Any CPU
		{EF09ACB8-1FA5-40C7-8D20-CF59DF490FC1}.Debug|x64.Deploy.0 = Debug|Any CPU
		{EF09ACB8-1FA5-40C7-8D20-CF59DF490FC1}.Debug|x86.ActiveCfg = Debug|Any CPU
		{EF09ACB8-1FA5-40C7-8D20-CF59DF490FC1}.Debug|x86.Build.0 = Debug|Any CPU
		{EF09ACB8-1FA5-40C7-8D20-CF59DF490FC1}.Debug|x86.Deploy.0 = Debug|Any CPU
		{EF09ACB8-1FA5-40C7-8D20-CF59DF490FC1}.Release|Any CPU.ActiveCfg = Release|Any CPU
		{EF09ACB8-1FA5-40C7-8D20-CF59DF490FC1}.Release|Any CPU.Build.0 = Release|Any CPU
		{EF09ACB8-1FA5-40C7-8D20-CF59DF490FC1}.Release|Any CPU.Deploy.0 = Release|Any CPU
		{EF09ACB8-1FA5-40C7-8D20-CF59DF490FC1}.Release|ARM.ActiveCfg = Release|Any CPU
		{EF09ACB8-1FA5-40C7-8D20-CF59DF490FC1}.Release|ARM.Build.0 = Release|Any CPU
		{EF09ACB8-1FA5-40C7-8D20-CF59DF490FC1}.Release|ARM.Deploy.0 = Release|Any CPU
		{EF09ACB8-1FA5-40C7-8D20-CF59DF490FC1}.Release|iPhone.ActiveCfg = Release|Any CPU
		{EF09ACB8-1FA5-40C7-8D20-CF59DF490FC1}.Release|iPhone.Build.0 = Release|Any CPU
		{EF09ACB8-1FA5-40C7-8D20-CF59DF490FC1}.Release|iPhone.Deploy.0 = Release|Any CPU
		{EF09ACB8-1FA5-40C7-8D20-CF59DF490FC1}.Release|iPhoneSimulator.ActiveCfg = Release|Any CPU
		{EF09ACB8-1FA5-40C7-8D20-CF59DF490FC1}.Release|iPhoneSimulator.Build.0 = Release|Any CPU
		{EF09ACB8-1FA5-40C7-8D20-CF59DF490FC1}.Release|iPhoneSimulator.Deploy.0 = Release|Any CPU
		{EF09ACB8-1FA5-40C7-8D20-CF59DF490FC1}.Release|x64.ActiveCfg = Release|Any CPU
		{EF09ACB8-1FA5-40C7-8D20-CF59DF490FC1}.Release|x64.Build.0 = Release|Any CPU
		{EF09ACB8-1FA5-40C7-8D20-CF59DF490FC1}.Release|x64.Deploy.0 = Release|Any CPU
		{EF09ACB8-1FA5-40C7-8D20-CF59DF490FC1}.Release|x86.ActiveCfg = Release|Any CPU
		{EF09ACB8-1FA5-40C7-8D20-CF59DF490FC1}.Release|x86.Build.0 = Release|Any CPU
		{EF09ACB8-1FA5-40C7-8D20-CF59DF490FC1}.Release|x86.Deploy.0 = Release|Any CPU
		{1F370B20-8DBA-4571-BEB3-E24D230BB652}.Ad-Hoc|Any CPU.ActiveCfg = Ad-Hoc|iPhone
		{1F370B20-8DBA-4571-BEB3-E24D230BB652}.Ad-Hoc|ARM.ActiveCfg = Ad-Hoc|iPhone
		{1F370B20-8DBA-4571-BEB3-E24D230BB652}.Ad-Hoc|iPhone.ActiveCfg = Ad-Hoc|iPhone
		{1F370B20-8DBA-4571-BEB3-E24D230BB652}.Ad-Hoc|iPhone.Build.0 = Ad-Hoc|iPhone
		{1F370B20-8DBA-4571-BEB3-E24D230BB652}.Ad-Hoc|iPhoneSimulator.ActiveCfg = Ad-Hoc|iPhoneSimulator
		{1F370B20-8DBA-4571-BEB3-E24D230BB652}.Ad-Hoc|iPhoneSimulator.Build.0 = Ad-Hoc|iPhoneSimulator
		{1F370B20-8DBA-4571-BEB3-E24D230BB652}.Ad-Hoc|x64.ActiveCfg = Ad-Hoc|iPhone
		{1F370B20-8DBA-4571-BEB3-E24D230BB652}.Ad-Hoc|x86.ActiveCfg = Ad-Hoc|iPhone
		{1F370B20-8DBA-4571-BEB3-E24D230BB652}.AppStore|Any CPU.ActiveCfg = AppStore|iPhone
		{1F370B20-8DBA-4571-BEB3-E24D230BB652}.AppStore|ARM.ActiveCfg = AppStore|iPhone
		{1F370B20-8DBA-4571-BEB3-E24D230BB652}.AppStore|iPhone.ActiveCfg = AppStore|iPhone
		{1F370B20-8DBA-4571-BEB3-E24D230BB652}.AppStore|iPhone.Build.0 = AppStore|iPhone
		{1F370B20-8DBA-4571-BEB3-E24D230BB652}.AppStore|iPhoneSimulator.ActiveCfg = AppStore|iPhoneSimulator
		{1F370B20-8DBA-4571-BEB3-E24D230BB652}.AppStore|iPhoneSimulator.Build.0 = AppStore|iPhoneSimulator
		{1F370B20-8DBA-4571-BEB3-E24D230BB652}.AppStore|x64.ActiveCfg = AppStore|iPhone
		{1F370B20-8DBA-4571-BEB3-E24D230BB652}.AppStore|x86.ActiveCfg = AppStore|iPhone
		{1F370B20-8DBA-4571-BEB3-E24D230BB652}.Debug|Any CPU.ActiveCfg = Debug|iPhone
		{1F370B20-8DBA-4571-BEB3-E24D230BB652}.Debug|ARM.ActiveCfg = Debug|iPhone
		{1F370B20-8DBA-4571-BEB3-E24D230BB652}.Debug|iPhone.ActiveCfg = Debug|iPhone
		{1F370B20-8DBA-4571-BEB3-E24D230BB652}.Debug|iPhone.Build.0 = Debug|iPhone
		{1F370B20-8DBA-4571-BEB3-E24D230BB652}.Debug|iPhoneSimulator.ActiveCfg = Debug|iPhoneSimulator
		{1F370B20-8DBA-4571-BEB3-E24D230BB652}.Debug|iPhoneSimulator.Build.0 = Debug|iPhoneSimulator
		{1F370B20-8DBA-4571-BEB3-E24D230BB652}.Debug|x64.ActiveCfg = Debug|iPhone
		{1F370B20-8DBA-4571-BEB3-E24D230BB652}.Debug|x86.ActiveCfg = Debug|iPhone
		{1F370B20-8DBA-4571-BEB3-E24D230BB652}.Release|Any CPU.ActiveCfg = Release|iPhone
		{1F370B20-8DBA-4571-BEB3-E24D230BB652}.Release|ARM.ActiveCfg = Release|iPhone
		{1F370B20-8DBA-4571-BEB3-E24D230BB652}.Release|iPhone.ActiveCfg = Release|iPhone
		{1F370B20-8DBA-4571-BEB3-E24D230BB652}.Release|iPhone.Build.0 = Release|iPhone
		{1F370B20-8DBA-4571-BEB3-E24D230BB652}.Release|iPhoneSimulator.ActiveCfg = Release|iPhoneSimulator
		{1F370B20-8DBA-4571-BEB3-E24D230BB652}.Release|iPhoneSimulator.Build.0 = Release|iPhoneSimulator
		{1F370B20-8DBA-4571-BEB3-E24D230BB652}.Release|x64.ActiveCfg = Release|iPhone
		{1F370B20-8DBA-4571-BEB3-E24D230BB652}.Release|x86.ActiveCfg = Release|iPhone
		{FF378966-5BDD-4022-B3BD-983C41C9435F}.Ad-Hoc|Any CPU.ActiveCfg = Release|x86
		{FF378966-5BDD-4022-B3BD-983C41C9435F}.Ad-Hoc|Any CPU.Build.0 = Release|x86
		{FF378966-5BDD-4022-B3BD-983C41C9435F}.Ad-Hoc|Any CPU.Deploy.0 = Release|x86
		{FF378966-5BDD-4022-B3BD-983C41C9435F}.Ad-Hoc|ARM.ActiveCfg = Release|ARM
		{FF378966-5BDD-4022-B3BD-983C41C9435F}.Ad-Hoc|ARM.Build.0 = Release|ARM
		{FF378966-5BDD-4022-B3BD-983C41C9435F}.Ad-Hoc|ARM.Deploy.0 = Release|ARM
		{FF378966-5BDD-4022-B3BD-983C41C9435F}.Ad-Hoc|iPhone.ActiveCfg = Release|x86
		{FF378966-5BDD-4022-B3BD-983C41C9435F}.Ad-Hoc|iPhone.Build.0 = Release|x86
		{FF378966-5BDD-4022-B3BD-983C41C9435F}.Ad-Hoc|iPhone.Deploy.0 = Release|x86
		{FF378966-5BDD-4022-B3BD-983C41C9435F}.Ad-Hoc|iPhoneSimulator.ActiveCfg = Release|x86
		{FF378966-5BDD-4022-B3BD-983C41C9435F}.Ad-Hoc|iPhoneSimulator.Build.0 = Release|x86
		{FF378966-5BDD-4022-B3BD-983C41C9435F}.Ad-Hoc|iPhoneSimulator.Deploy.0 = Release|x86
		{FF378966-5BDD-4022-B3BD-983C41C9435F}.Ad-Hoc|x64.ActiveCfg = Release|x64
		{FF378966-5BDD-4022-B3BD-983C41C9435F}.Ad-Hoc|x64.Build.0 = Release|x64
		{FF378966-5BDD-4022-B3BD-983C41C9435F}.Ad-Hoc|x64.Deploy.0 = Release|x64
		{FF378966-5BDD-4022-B3BD-983C41C9435F}.Ad-Hoc|x86.ActiveCfg = Release|x86
		{FF378966-5BDD-4022-B3BD-983C41C9435F}.Ad-Hoc|x86.Build.0 = Release|x86
		{FF378966-5BDD-4022-B3BD-983C41C9435F}.Ad-Hoc|x86.Deploy.0 = Release|x86
		{FF378966-5BDD-4022-B3BD-983C41C9435F}.AppStore|Any CPU.ActiveCfg = Release|x86
		{FF378966-5BDD-4022-B3BD-983C41C9435F}.AppStore|Any CPU.Build.0 = Release|x86
		{FF378966-5BDD-4022-B3BD-983C41C9435F}.AppStore|Any CPU.Deploy.0 = Release|x86
		{FF378966-5BDD-4022-B3BD-983C41C9435F}.AppStore|ARM.ActiveCfg = Release|ARM
		{FF378966-5BDD-4022-B3BD-983C41C9435F}.AppStore|ARM.Build.0 = Release|ARM
		{FF378966-5BDD-4022-B3BD-983C41C9435F}.AppStore|ARM.Deploy.0 = Release|ARM
		{FF378966-5BDD-4022-B3BD-983C41C9435F}.AppStore|iPhone.ActiveCfg = Release|x86
		{FF378966-5BDD-4022-B3BD-983C41C9435F}.AppStore|iPhone.Build.0 = Release|x86
		{FF378966-5BDD-4022-B3BD-983C41C9435F}.AppStore|iPhone.Deploy.0 = Release|x86
		{FF378966-5BDD-4022-B3BD-983C41C9435F}.AppStore|iPhoneSimulator.ActiveCfg = Release|x86
		{FF378966-5BDD-4022-B3BD-983C41C9435F}.AppStore|iPhoneSimulator.Build.0 = Release|x86
		{FF378966-5BDD-4022-B3BD-983C41C9435F}.AppStore|iPhoneSimulator.Deploy.0 = Release|x86
		{FF378966-5BDD-4022-B3BD-983C41C9435F}.AppStore|x64.ActiveCfg = Release|x64
		{FF378966-5BDD-4022-B3BD-983C41C9435F}.AppStore|x64.Build.0 = Release|x64
		{FF378966-5BDD-4022-B3BD-983C41C9435F}.AppStore|x64.Deploy.0 = Release|x64
		{FF378966-5BDD-4022-B3BD-983C41C9435F}.AppStore|x86.ActiveCfg = Release|x86
		{FF378966-5BDD-4022-B3BD-983C41C9435F}.AppStore|x86.Build.0 = Release|x86
		{FF378966-5BDD-4022-B3BD-983C41C9435F}.AppStore|x86.Deploy.0 = Release|x86
		{FF378966-5BDD-4022-B3BD-983C41C9435F}.Debug|Any CPU.ActiveCfg = Debug|x86
		{FF378966-5BDD-4022-B3BD-983C41C9435F}.Debug|ARM.ActiveCfg = Debug|ARM
		{FF378966-5BDD-4022-B3BD-983C41C9435F}.Debug|ARM.Build.0 = Debug|ARM
		{FF378966-5BDD-4022-B3BD-983C41C9435F}.Debug|ARM.Deploy.0 = Debug|ARM
		{FF378966-5BDD-4022-B3BD-983C41C9435F}.Debug|iPhone.ActiveCfg = Debug|x86
		{FF378966-5BDD-4022-B3BD-983C41C9435F}.Debug|iPhoneSimulator.ActiveCfg = Debug|x86
		{FF378966-5BDD-4022-B3BD-983C41C9435F}.Debug|x64.ActiveCfg = Debug|x64
		{FF378966-5BDD-4022-B3BD-983C41C9435F}.Debug|x64.Build.0 = Debug|x64
		{FF378966-5BDD-4022-B3BD-983C41C9435F}.Debug|x64.Deploy.0 = Debug|x64
		{FF378966-5BDD-4022-B3BD-983C41C9435F}.Debug|x86.ActiveCfg = Debug|x86
		{FF378966-5BDD-4022-B3BD-983C41C9435F}.Debug|x86.Build.0 = Debug|x86
		{FF378966-5BDD-4022-B3BD-983C41C9435F}.Debug|x86.Deploy.0 = Debug|x86
		{FF378966-5BDD-4022-B3BD-983C41C9435F}.Release|Any CPU.ActiveCfg = Release|x86
		{FF378966-5BDD-4022-B3BD-983C41C9435F}.Release|ARM.ActiveCfg = Release|ARM
		{FF378966-5BDD-4022-B3BD-983C41C9435F}.Release|ARM.Build.0 = Release|ARM
		{FF378966-5BDD-4022-B3BD-983C41C9435F}.Release|ARM.Deploy.0 = Release|ARM
		{FF378966-5BDD-4022-B3BD-983C41C9435F}.Release|iPhone.ActiveCfg = Release|x86
		{FF378966-5BDD-4022-B3BD-983C41C9435F}.Release|iPhoneSimulator.ActiveCfg = Release|x86
		{FF378966-5BDD-4022-B3BD-983C41C9435F}.Release|x64.ActiveCfg = Release|x64
		{FF378966-5BDD-4022-B3BD-983C41C9435F}.Release|x64.Build.0 = Release|x64
		{FF378966-5BDD-4022-B3BD-983C41C9435F}.Release|x64.Deploy.0 = Release|x64
		{FF378966-5BDD-4022-B3BD-983C41C9435F}.Release|x86.ActiveCfg = Release|x86
		{FF378966-5BDD-4022-B3BD-983C41C9435F}.Release|x86.Build.0 = Release|x86
		{FF378966-5BDD-4022-B3BD-983C41C9435F}.Release|x86.Deploy.0 = Release|x86
		{7C335011-8D26-4726-B3CE-95068E672D18}.Ad-Hoc|Any CPU.ActiveCfg = Debug|Any CPU
		{7C335011-8D26-4726-B3CE-95068E672D18}.Ad-Hoc|Any CPU.Build.0 = Debug|Any CPU
		{7C335011-8D26-4726-B3CE-95068E672D18}.Ad-Hoc|ARM.ActiveCfg = Debug|Any CPU
		{7C335011-8D26-4726-B3CE-95068E672D18}.Ad-Hoc|ARM.Build.0 = Debug|Any CPU
		{7C335011-8D26-4726-B3CE-95068E672D18}.Ad-Hoc|iPhone.ActiveCfg = Debug|Any CPU
		{7C335011-8D26-4726-B3CE-95068E672D18}.Ad-Hoc|iPhone.Build.0 = Debug|Any CPU
		{7C335011-8D26-4726-B3CE-95068E672D18}.Ad-Hoc|iPhoneSimulator.ActiveCfg = Debug|Any CPU
		{7C335011-8D26-4726-B3CE-95068E672D18}.Ad-Hoc|iPhoneSimulator.Build.0 = Debug|Any CPU
		{7C335011-8D26-4726-B3CE-95068E672D18}.Ad-Hoc|x64.ActiveCfg = Debug|Any CPU
		{7C335011-8D26-4726-B3CE-95068E672D18}.Ad-Hoc|x64.Build.0 = Debug|Any CPU
		{7C335011-8D26-4726-B3CE-95068E672D18}.Ad-Hoc|x86.ActiveCfg = Debug|Any CPU
		{7C335011-8D26-4726-B3CE-95068E672D18}.Ad-Hoc|x86.Build.0 = Debug|Any CPU
		{7C335011-8D26-4726-B3CE-95068E672D18}.AppStore|Any CPU.ActiveCfg = Debug|Any CPU
		{7C335011-8D26-4726-B3CE-95068E672D18}.AppStore|Any CPU.Build.0 = Debug|Any CPU
		{7C335011-8D26-4726-B3CE-95068E672D18}.AppStore|ARM.ActiveCfg = Debug|Any CPU
		{7C335011-8D26-4726-B3CE-95068E672D18}.AppStore|ARM.Build.0 = Debug|Any CPU
		{7C335011-8D26-4726-B3CE-95068E672D18}.AppStore|iPhone.ActiveCfg = Debug|Any CPU
		{7C335011-8D26-4726-B3CE-95068E672D18}.AppStore|iPhone.Build.0 = Debug|Any CPU
		{7C335011-8D26-4726-B3CE-95068E672D18}.AppStore|iPhoneSimulator.ActiveCfg = Debug|Any CPU
		{7C335011-8D26-4726-B3CE-95068E672D18}.AppStore|iPhoneSimulator.Build.0 = Debug|Any CPU
		{7C335011-8D26-4726-B3CE-95068E672D18}.AppStore|x64.ActiveCfg = Debug|Any CPU
		{7C335011-8D26-4726-B3CE-95068E672D18}.AppStore|x64.Build.0 = Debug|Any CPU
		{7C335011-8D26-4726-B3CE-95068E672D18}.AppStore|x86.ActiveCfg = Debug|Any CPU
		{7C335011-8D26-4726-B3CE-95068E672D18}.AppStore|x86.Build.0 = Debug|Any CPU
		{7C335011-8D26-4726-B3CE-95068E672D18}.Debug|Any CPU.ActiveCfg = Debug|Any CPU
		{7C335011-8D26-4726-B3CE-95068E672D18}.Debug|Any CPU.Build.0 = Debug|Any CPU
		{7C335011-8D26-4726-B3CE-95068E672D18}.Debug|ARM.ActiveCfg = Debug|Any CPU
		{7C335011-8D26-4726-B3CE-95068E672D18}.Debug|ARM.Build.0 = Debug|Any CPU
		{7C335011-8D26-4726-B3CE-95068E672D18}.Debug|iPhone.ActiveCfg = Debug|Any CPU
		{7C335011-8D26-4726-B3CE-95068E672D18}.Debug|iPhone.Build.0 = Debug|Any CPU
		{7C335011-8D26-4726-B3CE-95068E672D18}.Debug|iPhoneSimulator.ActiveCfg = Debug|Any CPU
		{7C335011-8D26-4726-B3CE-95068E672D18}.Debug|iPhoneSimulator.Build.0 = Debug|Any CPU
		{7C335011-8D26-4726-B3CE-95068E672D18}.Debug|x64.ActiveCfg = Debug|Any CPU
		{7C335011-8D26-4726-B3CE-95068E672D18}.Debug|x64.Build.0 = Debug|Any CPU
		{7C335011-8D26-4726-B3CE-95068E672D18}.Debug|x86.ActiveCfg = Debug|Any CPU
		{7C335011-8D26-4726-B3CE-95068E672D18}.Debug|x86.Build.0 = Debug|Any CPU
		{7C335011-8D26-4726-B3CE-95068E672D18}.Release|Any CPU.ActiveCfg = Release|Any CPU
		{7C335011-8D26-4726-B3CE-95068E672D18}.Release|Any CPU.Build.0 = Release|Any CPU
		{7C335011-8D26-4726-B3CE-95068E672D18}.Release|ARM.ActiveCfg = Release|Any CPU
		{7C335011-8D26-4726-B3CE-95068E672D18}.Release|ARM.Build.0 = Release|Any CPU
		{7C335011-8D26-4726-B3CE-95068E672D18}.Release|iPhone.ActiveCfg = Release|Any CPU
		{7C335011-8D26-4726-B3CE-95068E672D18}.Release|iPhone.Build.0 = Release|Any CPU
		{7C335011-8D26-4726-B3CE-95068E672D18}.Release|iPhoneSimulator.ActiveCfg = Release|Any CPU
		{7C335011-8D26-4726-B3CE-95068E672D18}.Release|iPhoneSimulator.Build.0 = Release|Any CPU
		{7C335011-8D26-4726-B3CE-95068E672D18}.Release|x64.ActiveCfg = Release|Any CPU
		{7C335011-8D26-4726-B3CE-95068E672D18}.Release|x64.Build.0 = Release|Any CPU
		{7C335011-8D26-4726-B3CE-95068E672D18}.Release|x86.ActiveCfg = Release|Any CPU
		{7C335011-8D26-4726-B3CE-95068E672D18}.Release|x86.Build.0 = Release|Any CPU
		{68A484D3-115A-4B1F-B2CA-29910D06CEE2}.Ad-Hoc|Any CPU.ActiveCfg = Debug|Any CPU
		{68A484D3-115A-4B1F-B2CA-29910D06CEE2}.Ad-Hoc|Any CPU.Build.0 = Debug|Any CPU
		{68A484D3-115A-4B1F-B2CA-29910D06CEE2}.Ad-Hoc|ARM.ActiveCfg = Debug|Any CPU
		{68A484D3-115A-4B1F-B2CA-29910D06CEE2}.Ad-Hoc|ARM.Build.0 = Debug|Any CPU
		{68A484D3-115A-4B1F-B2CA-29910D06CEE2}.Ad-Hoc|iPhone.ActiveCfg = Debug|Any CPU
		{68A484D3-115A-4B1F-B2CA-29910D06CEE2}.Ad-Hoc|iPhone.Build.0 = Debug|Any CPU
		{68A484D3-115A-4B1F-B2CA-29910D06CEE2}.Ad-Hoc|iPhoneSimulator.ActiveCfg = Debug|Any CPU
		{68A484D3-115A-4B1F-B2CA-29910D06CEE2}.Ad-Hoc|iPhoneSimulator.Build.0 = Debug|Any CPU
		{68A484D3-115A-4B1F-B2CA-29910D06CEE2}.Ad-Hoc|x64.ActiveCfg = Debug|Any CPU
		{68A484D3-115A-4B1F-B2CA-29910D06CEE2}.Ad-Hoc|x64.Build.0 = Debug|Any CPU
		{68A484D3-115A-4B1F-B2CA-29910D06CEE2}.Ad-Hoc|x86.ActiveCfg = Debug|Any CPU
		{68A484D3-115A-4B1F-B2CA-29910D06CEE2}.Ad-Hoc|x86.Build.0 = Debug|Any CPU
		{68A484D3-115A-4B1F-B2CA-29910D06CEE2}.AppStore|Any CPU.ActiveCfg = Debug|Any CPU
		{68A484D3-115A-4B1F-B2CA-29910D06CEE2}.AppStore|Any CPU.Build.0 = Debug|Any CPU
		{68A484D3-115A-4B1F-B2CA-29910D06CEE2}.AppStore|ARM.ActiveCfg = Debug|Any CPU
		{68A484D3-115A-4B1F-B2CA-29910D06CEE2}.AppStore|ARM.Build.0 = Debug|Any CPU
		{68A484D3-115A-4B1F-B2CA-29910D06CEE2}.AppStore|iPhone.ActiveCfg = Debug|Any CPU
		{68A484D3-115A-4B1F-B2CA-29910D06CEE2}.AppStore|iPhone.Build.0 = Debug|Any CPU
		{68A484D3-115A-4B1F-B2CA-29910D06CEE2}.AppStore|iPhoneSimulator.ActiveCfg = Debug|Any CPU
		{68A484D3-115A-4B1F-B2CA-29910D06CEE2}.AppStore|iPhoneSimulator.Build.0 = Debug|Any CPU
		{68A484D3-115A-4B1F-B2CA-29910D06CEE2}.AppStore|x64.ActiveCfg = Debug|Any CPU
		{68A484D3-115A-4B1F-B2CA-29910D06CEE2}.AppStore|x64.Build.0 = Debug|Any CPU
		{68A484D3-115A-4B1F-B2CA-29910D06CEE2}.AppStore|x86.ActiveCfg = Debug|Any CPU
		{68A484D3-115A-4B1F-B2CA-29910D06CEE2}.AppStore|x86.Build.0 = Debug|Any CPU
		{68A484D3-115A-4B1F-B2CA-29910D06CEE2}.Debug|Any CPU.ActiveCfg = Debug|Any CPU
		{68A484D3-115A-4B1F-B2CA-29910D06CEE2}.Debug|Any CPU.Build.0 = Debug|Any CPU
		{68A484D3-115A-4B1F-B2CA-29910D06CEE2}.Debug|ARM.ActiveCfg = Debug|Any CPU
		{68A484D3-115A-4B1F-B2CA-29910D06CEE2}.Debug|ARM.Build.0 = Debug|Any CPU
		{68A484D3-115A-4B1F-B2CA-29910D06CEE2}.Debug|iPhone.ActiveCfg = Debug|Any CPU
		{68A484D3-115A-4B1F-B2CA-29910D06CEE2}.Debug|iPhone.Build.0 = Debug|Any CPU
		{68A484D3-115A-4B1F-B2CA-29910D06CEE2}.Debug|iPhoneSimulator.ActiveCfg = Debug|Any CPU
		{68A484D3-115A-4B1F-B2CA-29910D06CEE2}.Debug|iPhoneSimulator.Build.0 = Debug|Any CPU
		{68A484D3-115A-4B1F-B2CA-29910D06CEE2}.Debug|x64.ActiveCfg = Debug|Any CPU
		{68A484D3-115A-4B1F-B2CA-29910D06CEE2}.Debug|x64.Build.0 = Debug|Any CPU
		{68A484D3-115A-4B1F-B2CA-29910D06CEE2}.Debug|x86.ActiveCfg = Debug|Any CPU
		{68A484D3-115A-4B1F-B2CA-29910D06CEE2}.Debug|x86.Build.0 = Debug|Any CPU
		{68A484D3-115A-4B1F-B2CA-29910D06CEE2}.Release|Any CPU.ActiveCfg = Release|Any CPU
		{68A484D3-115A-4B1F-B2CA-29910D06CEE2}.Release|Any CPU.Build.0 = Release|Any CPU
		{68A484D3-115A-4B1F-B2CA-29910D06CEE2}.Release|ARM.ActiveCfg = Release|Any CPU
		{68A484D3-115A-4B1F-B2CA-29910D06CEE2}.Release|ARM.Build.0 = Release|Any CPU
		{68A484D3-115A-4B1F-B2CA-29910D06CEE2}.Release|iPhone.ActiveCfg = Release|Any CPU
		{68A484D3-115A-4B1F-B2CA-29910D06CEE2}.Release|iPhone.Build.0 = Release|Any CPU
		{68A484D3-115A-4B1F-B2CA-29910D06CEE2}.Release|iPhoneSimulator.ActiveCfg = Release|Any CPU
		{68A484D3-115A-4B1F-B2CA-29910D06CEE2}.Release|iPhoneSimulator.Build.0 = Release|Any CPU
		{68A484D3-115A-4B1F-B2CA-29910D06CEE2}.Release|x64.ActiveCfg = Release|Any CPU
		{68A484D3-115A-4B1F-B2CA-29910D06CEE2}.Release|x64.Build.0 = Release|Any CPU
		{68A484D3-115A-4B1F-B2CA-29910D06CEE2}.Release|x86.ActiveCfg = Release|Any CPU
		{68A484D3-115A-4B1F-B2CA-29910D06CEE2}.Release|x86.Build.0 = Release|Any CPU
	EndGlobalSection
	GlobalSection(SolutionProperties) = preSolution
		HideSolutionNode = FALSE
	EndGlobalSection
	GlobalSection(ExtensibilityGlobals) = postSolution
		SolutionGuid = {A9F8C396-FCBA-480F-AA68-9848931644C3}
	EndGlobalSection
EndGlobal
